
Microsoft Visual Studio Solution File, Format Version 12.00
# Visual Studio Version 17
VisualStudioVersion = 17.0.32112.339
MinimumVisualStudioVersion = 10.0.40219.1
Project("{FAE04EC0-301F-11D3-BF4B-00C04F79EFBC}") = "Test", "Test\Test.csproj", "{B8A29E2C-11A7-4BB2-83AC-35C7F9E060C2}"
EndProject
Global
	GlobalSection(SolutionConfigurationPlatforms) = preSolution
		Debug|Any CPU = Debug|Any CPU
		Release|Any CPU = Release|Any CPU
	EndGlobalSection
	GlobalSection(ProjectConfigurationPlatforms) = postSolution
		{B8A29E2C-11A7-4BB2-83AC-35C7F9E060C2}.Debug|Any CPU.ActiveCfg = Debug|Any CPU
		{B8A29E2C-11A7-4BB2-83AC-35C7F9E060C2}.Debug|Any CPU.Build.0 = Debug|Any CPU
		{B8A29E2C-11A7-4BB2-83AC-35C7F9E060C2}.Release|Any CPU.ActiveCfg = Release|Any CPU
		{B8A29E2C-11A7-4BB2-83AC-35C7F9E060C2}.Release|Any CPU.Build.0 = Release|Any CPU
	EndGlobalSection
	GlobalSection(SolutionProperties) = preSolution
		HideSolutionNode = FALSE
	EndGlobalSection
	GlobalSection(ExtensibilityGlobals) = postSolution
		SolutionGuid = {0D0E93A7-470F-4630-ADF2-80E3CA25AB7A}
	EndGlobalSection
EndGlobal
